
Microsoft Visual Studio Solution File, Format Version 12.00
# Visual Studio Version 17
VisualStudioVersion = 17.12.35527.113
MinimumVisualStudioVersion = 10.0.40219.1
Project("{FAE04EC0-301F-11D3-BF4B-00C04F79EFBC}") = "Resaba", "Resaba.csproj", "{C5052621-9ACD-4E6E-A37F-6338A1AA9BCE}"
EndProject
Project("{2150E333-8FDC-42A3-9474-1A3956D46DE8}") = "ResabaData", "ResabaData", "{770A06CB-6391-BEC5-1FFF-6EBF7E0BEFE4}"
EndProject
Project("{FAE04EC0-301F-11D3-BF4B-00C04F79EFBC}") = "Resaba.Data", "ResabaData\Resaba.Data.csproj", "{7F8766B1-C8BD-42B2-A631-1A2412F124C0}"
EndProject
Project("{2150E333-8FDC-42A3-9474-1A3956D46DE8}") = "ResabaDataLogic", "ResabaDataLogic", "{89D90BE8-80EE-E4E1-0E88-4E426E37A534}"
EndProject
Project("{FAE04EC0-301F-11D3-BF4B-00C04F79EFBC}") = "Resaba.DataLogic", "ResabaDataLogic\Resaba.DataLogic.csproj", "{7C9F93FB-E8F0-4EF0-8CB7-33091E6B0737}"
EndProject
Project("{2150E333-8FDC-42A3-9474-1A3956D46DE8}") = "ResabaBusiness", "ResabaBusiness", "{41E4F9D8-456C-CABA-C31F-26A2FA50BE22}"
EndProject
Project("{FAE04EC0-301F-11D3-BF4B-00C04F79EFBC}") = "Resaba.Business", "ResabaBusiness\Resaba.Business.csproj", "{A4CB24A1-4AAC-41C2-9B9A-DD861D7EB6F1}"
EndProject
Global
	GlobalSection(SolutionConfigurationPlatforms) = preSolution
		Debug|Any CPU = Debug|Any CPU
		Debug|x64 = Debug|x64
		Debug|x86 = Debug|x86
		Release|Any CPU = Release|Any CPU
		Release|x64 = Release|x64
		Release|x86 = Release|x86
	EndGlobalSection
	GlobalSection(ProjectConfigurationPlatforms) = postSolution
		{C5052621-9ACD-4E6E-A37F-6338A1AA9BCE}.Debug|Any CPU.ActiveCfg = Debug|Any CPU
		{C5052621-9ACD-4E6E-A37F-6338A1AA9BCE}.Debug|Any CPU.Build.0 = Debug|Any CPU
		{C5052621-9ACD-4E6E-A37F-6338A1AA9BCE}.Debug|x64.ActiveCfg = Debug|Any CPU
		{C5052621-9ACD-4E6E-A37F-6338A1AA9BCE}.Debug|x64.Build.0 = Debug|Any CPU
		{C5052621-9ACD-4E6E-A37F-6338A1AA9BCE}.Debug|x86.ActiveCfg = Debug|Any CPU
		{C5052621-9ACD-4E6E-A37F-6338A1AA9BCE}.Debug|x86.Build.0 = Debug|Any CPU
		{C5052621-9ACD-4E6E-A37F-6338A1AA9BCE}.Release|Any CPU.ActiveCfg = Release|Any CPU
		{C5052621-9ACD-4E6E-A37F-6338A1AA9BCE}.Release|Any CPU.Build.0 = Release|Any CPU
		{C5052621-9ACD-4E6E-A37F-6338A1AA9BCE}.Release|x64.ActiveCfg = Release|Any CPU
		{C5052621-9ACD-4E6E-A37F-6338A1AA9BCE}.Release|x64.Build.0 = Release|Any CPU
		{C5052621-9ACD-4E6E-A37F-6338A1AA9BCE}.Release|x86.ActiveCfg = Release|Any CPU
		{C5052621-9ACD-4E6E-A37F-6338A1AA9BCE}.Release|x86.Build.0 = Release|Any CPU
		{7F8766B1-C8BD-42B2-A631-1A2412F124C0}.Debug|Any CPU.ActiveCfg = Debug|Any CPU
		{7F8766B1-C8BD-42B2-A631-1A2412F124C0}.Debug|Any CPU.Build.0 = Debug|Any CPU
		{7F8766B1-C8BD-42B2-A631-1A2412F124C0}.Debug|x64.ActiveCfg = Debug|Any CPU
		{7F8766B1-C8BD-42B2-A631-1A2412F124C0}.Debug|x64.Build.0 = Debug|Any CPU
		{7F8766B1-C8BD-42B2-A631-1A2412F124C0}.Debug|x86.ActiveCfg = Debug|Any CPU
		{7F8766B1-C8BD-42B2-A631-1A2412F124C0}.Debug|x86.Build.0 = Debug|Any CPU
		{7F8766B1-C8BD-42B2-A631-1A2412F124C0}.Release|Any CPU.ActiveCfg = Release|Any CPU
		{7F8766B1-C8BD-42B2-A631-1A2412F124C0}.Release|Any CPU.Build.0 = Release|Any CPU
		{7F8766B1-C8BD-42B2-A631-1A2412F124C0}.Release|x64.ActiveCfg = Release|Any CPU
		{7F8766B1-C8BD-42B2-A631-1A2412F124C0}.Release|x64.Build.0 = Release|Any CPU
		{7F8766B1-C8BD-42B2-A631-1A2412F124C0}.Release|x86.ActiveCfg = Release|Any CPU
		{7F8766B1-C8BD-42B2-A631-1A2412F124C0}.Release|x86.Build.0 = Release|Any CPU
		{7C9F93FB-E8F0-4EF0-8CB7-33091E6B0737}.Debug|Any CPU.ActiveCfg = Debug|Any CPU
		{7C9F93FB-E8F0-4EF0-8CB7-33091E6B0737}.Debug|Any CPU.Build.0 = Debug|Any CPU
		{7C9F93FB-E8F0-4EF0-8CB7-33091E6B0737}.Debug|x64.ActiveCfg = Debug|Any CPU
		{7C9F93FB-E8F0-4EF0-8CB7-33091E6B0737}.Debug|x64.Build.0 = Debug|Any CPU
		{7C9F93FB-E8F0-4EF0-8CB7-33091E6B0737}.Debug|x86.ActiveCfg = Debug|Any CPU
		{7C9F93FB-E8F0-4EF0-8CB7-33091E6B0737}.Debug|x86.Build.0 = Debug|Any CPU
		{7C9F93FB-E8F0-4EF0-8CB7-33091E6B0737}.Release|Any CPU.ActiveCfg = Release|Any CPU
		{7C9F93FB-E8F0-4EF0-8CB7-33091E6B0737}.Release|Any CPU.Build.0 = Release|Any CPU
		{7C9F93FB-E8F0-4EF0-8CB7-33091E6B0737}.Release|x64.ActiveCfg = Release|Any CPU
		{7C9F93FB-E8F0-4EF0-8CB7-33091E6B0737}.Release|x64.Build.0 = Release|Any CPU
		{7C9F93FB-E8F0-4EF0-8CB7-33091E6B0737}.Release|x86.ActiveCfg = Release|Any CPU
		{7C9F93FB-E8F0-4EF0-8CB7-33091E6B0737}.Release|x86.Build.0 = Release|Any CPU
		{A4CB24A1-4AAC-41C2-9B9A-DD861D7EB6F1}.Debug|Any CPU.ActiveCfg = Debug|Any CPU
		{A4CB24A1-4AAC-41C2-9B9A-DD861D7EB6F1}.Debug|Any CPU.Build.0 = Debug|Any CPU
		{A4CB24A1-4AAC-41C2-9B9A-DD861D7EB6F1}.Debug|x64.ActiveCfg = Debug|Any CPU
		{A4CB24A1-4AAC-41C2-9B9A-DD861D7EB6F1}.Debug|x64.Build.0 = Debug|Any CPU
		{A4CB24A1-4AAC-41C2-9B9A-DD861D7EB6F1}.Debug|x86.ActiveCfg = Debug|Any CPU
		{A4CB24A1-4AAC-41C2-9B9A-DD861D7EB6F1}.Debug|x86.Build.0 = Debug|Any CPU
		{A4CB24A1-4AAC-41C2-9B9A-DD861D7EB6F1}.Release|Any CPU.ActiveCfg = Release|Any CPU
		{A4CB24A1-4AAC-41C2-9B9A-DD861D7EB6F1}.Release|Any CPU.Build.0 = Release|Any CPU
		{A4CB24A1-4AAC-41C2-9B9A-DD861D7EB6F1}.Release|x64.ActiveCfg = Release|Any CPU
		{A4CB24A1-4AAC-41C2-9B9A-DD861D7EB6F1}.Release|x64.Build.0 = Release|Any CPU
		{A4CB24A1-4AAC-41C2-9B9A-DD861D7EB6F1}.Release|x86.ActiveCfg = Release|Any CPU
		{A4CB24A1-4AAC-41C2-9B9A-DD861D7EB6F1}.Release|x86.Build.0 = Release|Any CPU
	EndGlobalSection
	GlobalSection(SolutionProperties) = preSolution
		HideSolutionNode = FALSE
	EndGlobalSection
	GlobalSection(NestedProjects) = preSolution
		{7F8766B1-C8BD-42B2-A631-1A2412F124C0} = {770A06CB-6391-BEC5-1FFF-6EBF7E0BEFE4}
		{7C9F93FB-E8F0-4EF0-8CB7-33091E6B0737} = {89D90BE8-80EE-E4E1-0E88-4E426E37A534}
		{A4CB24A1-4AAC-41C2-9B9A-DD861D7EB6F1} = {41E4F9D8-456C-CABA-C31F-26A2FA50BE22}
	EndGlobalSection
EndGlobal
